
Microsoft Visual Studio Solution File, Format Version 12.00
# Visual Studio Version 17
VisualStudioVersion = 17.8.34330.188
MinimumVisualStudioVersion = 10.0.40219.1
Project("{9A19103F-16F7-4668-BE54-9A1E7A4F7556}") = "LunchOrder.Web", "LunchOrder.Web\LunchOrder.Web.csproj", "{4355A938-93A3-4430-B0E2-10D3DBA68C6E}"
EndProject
Project("{9A19103F-16F7-4668-BE54-9A1E7A4F7556}") = "LunchOrder.Data", "LunchOrder.Data\LunchOrder.Data.csproj", "{17BF55F4-6A6E-4753-AD8C-1A2F10323679}"
EndProject
Project("{9A19103F-16F7-4668-BE54-9A1E7A4F7556}") = "LunchOrder.Services", "LunchOrder.Services\LunchOrder.Services.csproj", "{2A353457-7F86-430F-886B-E44BBC60FB3B}"
EndProject
Project("{9A19103F-16F7-4668-BE54-9A1E7A4F7556}") = "LunchOrder.Utility", "LunchOrder.Utility\LunchOrder.Utility.csproj", "{A49B35C5-B786-4B01-9030-7FE6D58678A0}"
EndProject
Project("{9A19103F-16F7-4668-BE54-9A1E7A4F7556}") = "LunchOrder.Models", "LunchOrder.Models\LunchOrder.Models.csproj", "{B328D9F1-A640-4D49-9F2E-36972607ECCD}"
EndProject
Global
	GlobalSection(SolutionConfigurationPlatforms) = preSolution
		Debug|Any CPU = Debug|Any CPU
		Release|Any CPU = Release|Any CPU
	EndGlobalSection
	GlobalSection(ProjectConfigurationPlatforms) = postSolution
		{4355A938-93A3-4430-B0E2-10D3DBA68C6E}.Debug|Any CPU.ActiveCfg = Debug|Any CPU
		{4355A938-93A3-4430-B0E2-10D3DBA68C6E}.Debug|Any CPU.Build.0 = Debug|Any CPU
		{4355A938-93A3-4430-B0E2-10D3DBA68C6E}.Release|Any CPU.ActiveCfg = Release|Any CPU
		{4355A938-93A3-4430-B0E2-10D3DBA68C6E}.Release|Any CPU.Build.0 = Release|Any CPU
		{17BF55F4-6A6E-4753-AD8C-1A2F10323679}.Debug|Any CPU.ActiveCfg = Debug|Any CPU
		{17BF55F4-6A6E-4753-AD8C-1A2F10323679}.Debug|Any CPU.Build.0 = Debug|Any CPU
		{17BF55F4-6A6E-4753-AD8C-1A2F10323679}.Release|Any CPU.ActiveCfg = Release|Any CPU
		{17BF55F4-6A6E-4753-AD8C-1A2F10323679}.Release|Any CPU.Build.0 = Release|Any CPU
		{2A353457-7F86-430F-886B-E44BBC60FB3B}.Debug|Any CPU.ActiveCfg = Debug|Any CPU
		{2A353457-7F86-430F-886B-E44BBC60FB3B}.Debug|Any CPU.Build.0 = Debug|Any CPU
		{2A353457-7F86-430F-886B-E44BBC60FB3B}.Release|Any CPU.ActiveCfg = Release|Any CPU
		{2A353457-7F86-430F-886B-E44BBC60FB3B}.Release|Any CPU.Build.0 = Release|Any CPU
		{A49B35C5-B786-4B01-9030-7FE6D58678A0}.Debug|Any CPU.ActiveCfg = Debug|Any CPU
		{A49B35C5-B786-4B01-9030-7FE6D58678A0}.Debug|Any CPU.Build.0 = Debug|Any CPU
		{A49B35C5-B786-4B01-9030-7FE6D58678A0}.Release|Any CPU.ActiveCfg = Release|Any CPU
		{A49B35C5-B786-4B01-9030-7FE6D58678A0}.Release|Any CPU.Build.0 = Release|Any CPU
		{B328D9F1-A640-4D49-9F2E-36972607ECCD}.Debug|Any CPU.ActiveCfg = Debug|Any CPU
		{B328D9F1-A640-4D49-9F2E-36972607ECCD}.Debug|Any CPU.Build.0 = Debug|Any CPU
		{B328D9F1-A640-4D49-9F2E-36972607ECCD}.Release|Any CPU.ActiveCfg = Release|Any CPU
		{B328D9F1-A640-4D49-9F2E-36972607ECCD}.Release|Any CPU.Build.0 = Release|Any CPU
	EndGlobalSection
	GlobalSection(SolutionProperties) = preSolution
		HideSolutionNode = FALSE
	EndGlobalSection
	GlobalSection(ExtensibilityGlobals) = postSolution
		SolutionGuid = {0A9600D3-EC75-4A47-97B9-8C22B7ECCDA1}
	EndGlobalSection
EndGlobal
